
Microsoft Visual Studio Solution File, Format Version 12.00
# Visual Studio Version 17
VisualStudioVersion = 17.0.31903.59
MinimumVisualStudioVersion = 10.0.40219.1
Project("{FAE04EC0-301F-11D3-BF4B-00C04F79EFBC}") = "ConsoleApp1", "ConsoleApp1\ConsoleApp1.csproj", "{2B206B33-73DA-4183-89B2-45E2A699E855}"
EndProject
Project("{FAE04EC0-301F-11D3-BF4B-00C04F79EFBC}") = "Week1_Logic1_VioGustian", "Week1_Logic1_VioGustian\Week1_Logic1_VioGustian.csproj", "{B5D759EF-C398-471F-983F-EAEB7035396F}"
EndProject
Project("{FAE04EC0-301F-11D3-BF4B-00C04F79EFBC}") = "Week1_Logic2_VioGustian", "Week1_Logic2_VioGustian\Week1_Logic2_VioGustian.csproj", "{C25AF399-7731-4A07-9529-C7A48A95936E}"
EndProject
Global
	GlobalSection(SolutionConfigurationPlatforms) = preSolution
		Debug|Any CPU = Debug|Any CPU
		Release|Any CPU = Release|Any CPU
	EndGlobalSection
	GlobalSection(ProjectConfigurationPlatforms) = postSolution
		{2B206B33-73DA-4183-89B2-45E2A699E855}.Debug|Any CPU.ActiveCfg = Debug|Any CPU
		{2B206B33-73DA-4183-89B2-45E2A699E855}.Debug|Any CPU.Build.0 = Debug|Any CPU
		{2B206B33-73DA-4183-89B2-45E2A699E855}.Release|Any CPU.ActiveCfg = Release|Any CPU
		{2B206B33-73DA-4183-89B2-45E2A699E855}.Release|Any CPU.Build.0 = Release|Any CPU
		{B5D759EF-C398-471F-983F-EAEB7035396F}.Debug|Any CPU.ActiveCfg = Debug|Any CPU
		{B5D759EF-C398-471F-983F-EAEB7035396F}.Debug|Any CPU.Build.0 = Debug|Any CPU
		{B5D759EF-C398-471F-983F-EAEB7035396F}.Release|Any CPU.ActiveCfg = Release|Any CPU
		{B5D759EF-C398-471F-983F-EAEB7035396F}.Release|Any CPU.Build.0 = Release|Any CPU
		{C25AF399-7731-4A07-9529-C7A48A95936E}.Debug|Any CPU.ActiveCfg = Debug|Any CPU
		{C25AF399-7731-4A07-9529-C7A48A95936E}.Debug|Any CPU.Build.0 = Debug|Any CPU
		{C25AF399-7731-4A07-9529-C7A48A95936E}.Release|Any CPU.ActiveCfg = Release|Any CPU
		{C25AF399-7731-4A07-9529-C7A48A95936E}.Release|Any CPU.Build.0 = Release|Any CPU
	EndGlobalSection
	GlobalSection(SolutionProperties) = preSolution
		HideSolutionNode = FALSE
	EndGlobalSection
EndGlobal
